{
  "name": "backend",
  "version": "1.0.0",
  "lockfileVersion": 3,
  "requires": true,
  "packages": {
    "": {
      "name": "backend",
      "version": "1.0.0",
      "license": "ISC",
      "dependencies": {
        "@prisma/client": "^5.6.0",
        "prisma": "^5.6.0",
        "redis": "^4.6.10",
        "redis-om": "^0.4.3"
      }
    },
    "node_modules/@prisma/client": {
      "version": "5.6.0",
      "resolved": "https://registry.npmjs.org/@prisma/client/-/client-5.6.0.tgz",
      "integrity": "sha512-mUDefQFa1wWqk4+JhKPYq8BdVoFk9NFMBXUI8jAkBfQTtgx8WPx02U2HB/XbAz3GSUJpeJOKJQtNvaAIDs6sug==",
      "hasInstallScript": true,
      "dependencies": {
        "@prisma/engines-version": "5.6.0-32.e95e739751f42d8ca026f6b910f5a2dc5adeaeee"
      },
      "engines": {
        "node": ">=16.13"
      },
      "peerDependencies": {
        "prisma": "*"
      },
      "peerDependenciesMeta": {
        "prisma": {
          "optional": true
        }
      }
    },
    "node_modules/@prisma/engines": {
      "version": "5.6.0",
      "resolved": "https://registry.npmjs.org/@prisma/engines/-/engines-5.6.0.tgz",
      "integrity": "sha512-Mt2q+GNJpU2vFn6kif24oRSBQv1KOkYaterQsi0k2/lA+dLvhRX6Lm26gon6PYHwUM8/h8KRgXIUMU0PCLB6bw==",
      "hasInstallScript": true
    },
    "node_modules/@prisma/engines-version": {
      "version": "5.6.0-32.e95e739751f42d8ca026f6b910f5a2dc5adeaeee",
      "resolved": "https://registry.npmjs.org/@prisma/engines-version/-/engines-version-5.6.0-32.e95e739751f42d8ca026f6b910f5a2dc5adeaeee.tgz",
      "integrity": "sha512-UoFgbV1awGL/3wXuUK3GDaX2SolqczeeJ5b4FVec9tzeGbSWJboPSbT0psSrmgYAKiKnkOPFSLlH6+b+IyOwAw=="
    },
    "node_modules/@redis/bloom": {
      "version": "1.2.0",
      "resolved": "https://registry.npmjs.org/@redis/bloom/-/bloom-1.2.0.tgz",
      "integrity": "sha512-HG2DFjYKbpNmVXsa0keLHp/3leGJz1mjh09f2RLGGLQZzSHpkmZWuwJbAvo3QcRY8p80m5+ZdXZdYOSBLlp7Cg==",
      "peerDependencies": {
        "@redis/client": "^1.0.0"
      }
    },
    "node_modules/@redis/client": {
      "version": "1.5.11",
      "resolved": "https://registry.npmjs.org/@redis/client/-/client-1.5.11.tgz",
      "integrity": "sha512-cV7yHcOAtNQ5x/yQl7Yw1xf53kO0FNDTdDU6bFIMbW6ljB7U7ns0YRM+QIkpoqTAt6zK5k9Fq0QWlUbLcq9AvA==",
      "dependencies": {
        "cluster-key-slot": "1.1.2",
        "generic-pool": "3.9.0",
        "yallist": "4.0.0"
      },
      "engines": {
        "node": ">=14"
      }
    },
    "node_modules/@redis/graph": {
      "version": "1.1.0",
      "resolved": "https://registry.npmjs.org/@redis/graph/-/graph-1.1.0.tgz",
      "integrity": "sha512-16yZWngxyXPd+MJxeSr0dqh2AIOi8j9yXKcKCwVaKDbH3HTuETpDVPcLujhFYVPtYrngSco31BUcSa9TH31Gqg==",
      "peerDependencies": {
        "@redis/client": "^1.0.0"
      }
    },
    "node_modules/@redis/json": {
      "version": "1.0.6",
      "resolved": "https://registry.npmjs.org/@redis/json/-/json-1.0.6.tgz",
      "integrity": "sha512-rcZO3bfQbm2zPRpqo82XbW8zg4G/w4W3tI7X8Mqleq9goQjAGLL7q/1n1ZX4dXEAmORVZ4s1+uKLaUOg7LrUhw==",
      "peerDependencies": {
        "@redis/client": "^1.0.0"
      }
    },
    "node_modules/@redis/search": {
      "version": "1.1.5",
      "resolved": "https://registry.npmjs.org/@redis/search/-/search-1.1.5.tgz",
      "integrity": "sha512-hPP8w7GfGsbtYEJdn4n7nXa6xt6hVZnnDktKW4ArMaFQ/m/aR7eFvsLQmG/mn1Upq99btPJk+F27IQ2dYpCoUg==",
      "peerDependencies": {
        "@redis/client": "^1.0.0"
      }
    },
    "node_modules/@redis/time-series": {
      "version": "1.0.5",
      "resolved": "https://registry.npmjs.org/@redis/time-series/-/time-series-1.0.5.tgz",
      "integrity": "sha512-IFjIgTusQym2B5IZJG3XKr5llka7ey84fw/NOYqESP5WUfQs9zz1ww/9+qoz4ka/S6KcGBodzlCeZ5UImKbscg==",
      "peerDependencies": {
        "@redis/client": "^1.0.0"
      }
    },
    "node_modules/cluster-key-slot": {
      "version": "1.1.2",
      "resolved": "https://registry.npmjs.org/cluster-key-slot/-/cluster-key-slot-1.1.2.tgz",
      "integrity": "sha512-RMr0FhtfXemyinomL4hrWcYJxmX6deFdCxpJzhDttxgO1+bcCnkk+9drydLVDmAMG7NE6aN/fl4F7ucU/90gAA==",
      "engines": {
        "node": ">=0.10.0"
      }
    },
    "node_modules/generic-pool": {
      "version": "3.9.0",
      "resolved": "https://registry.npmjs.org/generic-pool/-/generic-pool-3.9.0.tgz",
      "integrity": "sha512-hymDOu5B53XvN4QT9dBmZxPX4CWhBPPLguTZ9MMFeFa/Kg0xWVfylOVNlJji/E7yTZWFd/q9GO5TxDLq156D7g==",
      "engines": {
        "node": ">= 4"
      }
    },
    "node_modules/jsonpath-plus": {
      "version": "7.2.0",
      "resolved": "https://registry.npmjs.org/jsonpath-plus/-/jsonpath-plus-7.2.0.tgz",
      "integrity": "sha512-zBfiUPM5nD0YZSBT/o/fbCUlCcepMIdP0CJZxM1+KgA4f2T206f6VAg9e7mX35+KlMaIc5qXW34f3BnwJ3w+RA==",
      "engines": {
        "node": ">=12.0.0"
      }
    },
    "node_modules/just-clone": {
      "version": "6.2.0",
      "resolved": "https://registry.npmjs.org/just-clone/-/just-clone-6.2.0.tgz",
      "integrity": "sha512-1IynUYEc/HAwxhi3WDpIpxJbZpMCvvrrmZVqvj9EhpvbH8lls7HhdhiByjL7DkAaWlLIzpC0Xc/VPvy/UxLNjA=="
    },
    "node_modules/prisma": {
      "version": "5.6.0",
      "resolved": "https://registry.npmjs.org/prisma/-/prisma-5.6.0.tgz",
      "integrity": "sha512-EEaccku4ZGshdr2cthYHhf7iyvCcXqwJDvnoQRAJg5ge2Tzpv0e2BaMCp+CbbDUwoVTzwgOap9Zp+d4jFa2O9A==",
      "hasInstallScript": true,
      "dependencies": {
        "@prisma/engines": "5.6.0"
      },
      "bin": {
        "prisma": "build/index.js"
      },
      "engines": {
        "node": ">=16.13"
      }
    },
    "node_modules/redis": {
      "version": "4.6.10",
      "resolved": "https://registry.npmjs.org/redis/-/redis-4.6.10.tgz",
      "integrity": "sha512-mmbyhuKgDiJ5TWUhiKhBssz+mjsuSI/lSZNPI9QvZOYzWvYGejtb+W3RlDDf8LD6Bdl5/mZeG8O1feUGhXTxEg==",
      "dependencies": {
        "@redis/bloom": "1.2.0",
        "@redis/client": "1.5.11",
        "@redis/graph": "1.1.0",
        "@redis/json": "1.0.6",
        "@redis/search": "1.1.5",
        "@redis/time-series": "1.0.5"
      }
    },
    "node_modules/redis-om": {
      "version": "0.4.3",
      "resolved": "https://registry.npmjs.org/redis-om/-/redis-om-0.4.3.tgz",
      "integrity": "sha512-OQ2ydJYm8j5YMWj3K2ieQdUcfu2gP1nW2XsdaFLbHkaSlYqj1Kfu8X+T44vPuesY3cKdVj6tv9bHEmI9oqwHgA==",
      "dependencies": {
        "jsonpath-plus": "^7.2.0",
        "just-clone": "^6.1.1",
        "redis": "^4.6.4",
        "ulid": "^2.3.0"
      },
      "engines": {
        "node": ">= 14"
      }
    },
    "node_modules/ulid": {
      "version": "2.3.0",
      "resolved": "https://registry.npmjs.org/ulid/-/ulid-2.3.0.tgz",
      "integrity": "sha512-keqHubrlpvT6G2wH0OEfSW4mquYRcbe/J8NMmveoQOjUqmo+hXtO+ORCpWhdbZ7k72UtY61BL7haGxW6enBnjw==",
      "bin": {
        "ulid": "bin/cli.js"
      }
    },
    "node_modules/yallist": {
      "version": "4.0.0",
      "resolved": "https://registry.npmjs.org/yallist/-/yallist-4.0.0.tgz",
      "integrity": "sha512-3wdGidZyq5PB084XLES5TpOSRA3wjXAlIWMhum2kRcv/41Sn2emQ0dycQW4uZXLejwKvg6EsvbdlVL+FYEct7A=="
    }
  }
}
